
Microsoft Visual Studio Solution File, Format Version 12.00
# Visual Studio Version 16
VisualStudioVersion = 16.0.30330.147
MinimumVisualStudioVersion = 10.0.40219.1
Project("{FAE04EC0-301F-11D3-BF4B-00C04F79EFBC}") = "apena-Masivian", "apena-Masivian\apena-Masivian.csproj", "{8A5C7403-22D6-4DDE-BE6B-1037D234AD56}"
EndProject
Global
	GlobalSection(SolutionConfigurationPlatforms) = preSolution
		Debug|Any CPU = Debug|Any CPU
		Release|Any CPU = Release|Any CPU
	EndGlobalSection
	GlobalSection(ProjectConfigurationPlatforms) = postSolution
		{8A5C7403-22D6-4DDE-BE6B-1037D234AD56}.Debug|Any CPU.ActiveCfg = Debug|Any CPU
		{8A5C7403-22D6-4DDE-BE6B-1037D234AD56}.Debug|Any CPU.Build.0 = Debug|Any CPU
		{8A5C7403-22D6-4DDE-BE6B-1037D234AD56}.Release|Any CPU.ActiveCfg = Release|Any CPU
		{8A5C7403-22D6-4DDE-BE6B-1037D234AD56}.Release|Any CPU.Build.0 = Release|Any CPU
	EndGlobalSection
	GlobalSection(SolutionProperties) = preSolution
		HideSolutionNode = FALSE
	EndGlobalSection
	GlobalSection(ExtensibilityGlobals) = postSolution
		SolutionGuid = {C427F69C-B919-4095-B9F3-C25CC05B2ECC}
	EndGlobalSection
EndGlobal
